#MicroXplorer Configuration settings - do not modify
Mcu.Family=STM32F1
PA11.GPIO_Speed=GPIO_SPEED_FREQ_HIGH
ProjectManager.MainLocation=Core/Src
RCC.MCOFreq_Value=72000000
NVIC.CAN1_RX1_IRQn=true\:0\:0\:false\:false\:true\:true\:true
SH.S_TIM1_CH4.0=TIM1_CH4,PWM Generation4 CH4
ProjectManager.KeepUserCode=true
Mcu.UserName=STM32F103C8Tx
TIM1.IPParameters=Prescaler,Period,AutoReloadPreload,Channel-PWM Generation1 CH1,Channel-PWM Generation2 CH2,Channel-PWM Generation3 CH3,Channel-PWM Generation4 CH4
RCC.PLLCLKFreq_Value=72000000
PC13-TAMPER-RTC.GPIOParameters=GPIO_Speed,PinState,GPIO_PuPd,GPIO_ModeDefaultOutputPP
PA3.GPIO_PuPd=GPIO_PULLUP
PA12.GPIOParameters=GPIO_Speed,PinState,GPIO_PuPd
ProjectManager.functionlistsort=1-MX_GPIO_Init-GPIO-false-HAL-true,2-SystemClock_Config-RCC-false-HAL-false,3-MX_TIM1_Init-TIM1-false-HAL-true,4-MX_TIM3_Init-TIM3-false-HAL-true,5-MX_TIM2_Init-TIM2-false-HAL-true,6-MX_CAN_Init-CAN-false-HAL-true
PA9.GPIOParameters=GPIO_Speed
PA11.GPIOParameters=GPIO_Speed
PA3.GPIOParameters=GPIO_Speed,PinState,GPIO_PuPd
RCC.ADCFreqValue=36000000
NVIC.TIM1_UP_IRQn=true\:0\:0\:false\:false\:true\:true\:true
SH.S_TIM1_CH3.ConfNb=1
SH.S_TIM1_CH1.ConfNb=1
PA3.GPIO_Speed=GPIO_SPEED_FREQ_HIGH
PinOutPanel.RotationAngle=0
RCC.SYSCLKSource=RCC_SYSCLKSOURCE_PLLCLK
ProjectManager.StackSize=0x400
PD1-OSC_OUT.Signal=RCC_OSC_OUT
Mcu.IP4=TIM1
RCC.FCLKCortexFreq_Value=72000000
Mcu.IP5=TIM2
NVIC.SVCall_IRQn=true\:0\:0\:false\:false\:true\:false\:false
Mcu.IP2=RCC
TIM3.Channel-Input_Capture3_from_TI3=TIM_CHANNEL_3
Mcu.IP3=SYS
Mcu.IP0=CAN
PA12.Locked=true
Mcu.IP1=NVIC
PA12.Signal=GPIO_Output
CAN.Prescaler=2
TIM1.Prescaler=72
Mcu.UserConstants=
SH.S_TIM3_CH2.ConfNb=1
Mcu.ThirdPartyNb=0
TIM1.Channel-PWM\ Generation4\ CH4=TIM_CHANNEL_4
RCC.HCLKFreq_Value=72000000
Mcu.IPNb=7
TIM2.IPParameters=Prescaler,Period
ProjectManager.PreviousToolchain=
RCC.APB2TimFreq_Value=72000000
PA8.GPIOParameters=GPIO_Speed
Mcu.Pin6=PB0
VP_TIM2_VS_ClockSourceINT.Signal=TIM2_VS_ClockSourceINT
Mcu.Pin7=PB1
Mcu.Pin8=PA8
Mcu.Pin9=PA9
RCC.AHBFreq_Value=72000000
Mcu.Pin0=PC13-TAMPER-RTC
Mcu.Pin1=PD0-OSC_IN
GPIO.groupedBy=Group By Peripherals
Mcu.Pin2=PD1-OSC_OUT
Mcu.Pin3=PA3
Mcu.Pin4=PA6
Mcu.Pin5=PA7
PA12.PinState=GPIO_PIN_RESET
ProjectManager.ProjectBuild=false
TIM3.Channel-Input_Capture1_from_TI1=TIM_CHANNEL_1
NVIC.UsageFault_IRQn=true\:0\:0\:false\:false\:true\:false\:false
NVIC.DebugMonitor_IRQn=true\:0\:0\:false\:false\:true\:false\:false
NVIC.SysTick_IRQn=true\:0\:0\:false\:false\:true\:false\:true
RCC.PLLMUL=RCC_PLL_MUL9
ProjectManager.FirmwarePackage=STM32Cube FW_F1 V1.8.3
MxDb.Version=DB.6.0.21
ProjectManager.BackupPrevious=false
PC13-TAMPER-RTC.PinState=GPIO_PIN_RESET
TIM1.Channel-PWM\ Generation1\ CH1=TIM_CHANNEL_1
PA14.Mode=Serial_Wire
TIM3.Prescaler=72
NVIC.TIM2_IRQn=true\:0\:0\:false\:false\:true\:true\:true
File.Version=6
PB8.Locked=true
PA8.Signal=S_TIM1_CH1
NVIC.PendSV_IRQn=true\:0\:0\:false\:false\:true\:false\:false
SH.S_TIM3_CH1.0=TIM3_CH1,Input_Capture1_from_TI1
PC13-TAMPER-RTC.GPIO_Speed=GPIO_SPEED_FREQ_HIGH
CAN.CalculateTimeQuantum=55.55555555555556
ProjectManager.HalAssertFull=false
VP_TIM1_VS_ClockSourceINT.Mode=Internal
ProjectManager.ProjectName=AutonomousCar
RCC.PLLMCOFreq_Value=36000000
Mcu.Package=LQFP48
PB9.Signal=CAN_TX
TIM2.Prescaler=72
PB1.Signal=S_TIM3_CH4
PA6.Signal=S_TIM3_CH1
PC13-TAMPER-RTC.GPIO_PuPd=GPIO_PULLUP
ProjectManager.ToolChainLocation=
VP_SYS_VS_Systick.Signal=SYS_VS_Systick
PA10.Signal=S_TIM1_CH3
PA10.GPIO_Speed=GPIO_SPEED_FREQ_HIGH
RCC.APB1TimFreq_Value=72000000
NVIC.BusFault_IRQn=true\:0\:0\:false\:false\:true\:false\:false
TIM1.Period=999
PA12.GPIO_PuPd=GPIO_PULLUP
PA8.GPIO_Speed=GPIO_SPEED_FREQ_HIGH
ProjectManager.CustomerFirmwarePackage=
VP_TIM3_VS_ClockSourceINT.Mode=Internal
PA12.GPIO_Speed=GPIO_SPEED_FREQ_HIGH
PA3.Signal=GPIO_Output
RCC.PLLSourceVirtual=RCC_PLLSOURCE_HSE
ProjectManager.ProjectFileName=AutonomousCar.ioc
PD1-OSC_OUT.Mode=HSE-External-Oscillator
TIM3.Channel-Input_Capture2_from_TI2=TIM_CHANNEL_2
Mcu.PinsNb=21
TIM3.AutoReloadPreload=TIM_AUTORELOAD_PRELOAD_ENABLE
ProjectManager.NoMain=false
CAN.CalculateBaudRate=1000000
PC13-TAMPER-RTC.Signal=GPIO_Output
ProjectManager.DefaultFWLocation=true
PD0-OSC_IN.Signal=RCC_OSC_IN
ProjectManager.DeletePrevious=true
RCC.APB1CLKDivider=RCC_HCLK_DIV2
SH.S_TIM3_CH3.0=TIM3_CH3,Input_Capture3_from_TI3
CAN.CalculateTimeBit=999.99
RCC.FamilyName=M
PA13.Signal=SYS_JTMS-SWDIO
TIM1.AutoReloadPreload=TIM_AUTORELOAD_PRELOAD_ENABLE
CAN.BS2=CAN_BS2_5TQ
CAN.BS1=CAN_BS1_12TQ
SH.S_TIM1_CH1.0=TIM1_CH1,PWM Generation1 CH1
ProjectManager.TargetToolchain=STM32CubeIDE
SH.S_TIM3_CH3.ConfNb=1
PB9.Mode=CAN_Activate
PA9.Signal=S_TIM1_CH2
VP_TIM1_VS_ClockSourceINT.Signal=TIM1_VS_ClockSourceINT
TIM1.Channel-PWM\ Generation2\ CH2=TIM_CHANNEL_2
PB9.Locked=true
ProjectManager.RegisterCallBack=
PC13-TAMPER-RTC.Locked=true
RCC.USBFreq_Value=72000000
VP_TIM3_VS_ClockSourceINT.Signal=TIM3_VS_ClockSourceINT
SH.S_TIM1_CH2.ConfNb=1
PD0-OSC_IN.Mode=HSE-External-Oscillator
SH.S_TIM3_CH2.0=TIM3_CH2,Input_Capture2_from_TI2
board=custom
ProjectManager.LastFirmware=false
NVIC.TIM3_IRQn=true\:0\:0\:false\:false\:true\:true\:true
RCC.VCOOutput2Freq_Value=8000000
RCC.APB2Freq_Value=72000000
MxCube.Version=6.2.1
VP_TIM2_VS_ClockSourceINT.Mode=Internal
SH.S_TIM1_CH2.0=TIM1_CH2,PWM Generation2 CH2
PA10.GPIOParameters=GPIO_Speed
VP_SYS_VS_Systick.Mode=SysTick
TIM3.IPParameters=Channel-Input_Capture1_from_TI1,Channel-Input_Capture3_from_TI3,Prescaler,AutoReloadPreload,Channel-Input_Capture2_from_TI2,Channel-Input_Capture4_from_TI4,ICFilter_CH1
NVIC.NonMaskableInt_IRQn=true\:0\:0\:false\:false\:true\:false\:false
CAN.IPParameters=CalculateTimeQuantum,CalculateTimeBit,CalculateBaudRate,Prescaler,BS1,BS2
TIM3.Channel-Input_Capture4_from_TI4=TIM_CHANNEL_4
TIM2.Period=999
PA13.Mode=Serial_Wire
ProjectManager.FreePins=false
RCC.IPParameters=ADCFreqValue,AHBFreq_Value,APB1CLKDivider,APB1Freq_Value,APB1TimFreq_Value,APB2Freq_Value,APB2TimFreq_Value,FCLKCortexFreq_Value,FamilyName,HCLKFreq_Value,MCOFreq_Value,PLLCLKFreq_Value,PLLMCOFreq_Value,PLLMUL,PLLSourceVirtual,SYSCLKFreq_VALUE,SYSCLKSource,TimSysFreq_Value,USBFreq_Value,VCOOutput2Freq_Value
ProjectManager.AskForMigrate=true
Mcu.Name=STM32F103C(8-B)Tx
ProjectManager.UnderRoot=true
NVIC.TIM1_CC_IRQn=true\:0\:0\:false\:false\:true\:true\:true
Mcu.IP6=TIM3
ProjectManager.CoupleFile=false
RCC.SYSCLKFreq_VALUE=72000000
PC13-TAMPER-RTC.GPIO_ModeDefaultOutputPP=GPIO_MODE_OUTPUT_PP
RCC.TimSysFreq_Value=72000000
Mcu.Pin20=VP_TIM3_VS_ClockSourceINT
PA3.Locked=true
NVIC.ForceEnableDMAVector=true
KeepUserPlacement=false
NVIC.MemoryManagement_IRQn=true\:0\:0\:false\:false\:true\:false\:false
ProjectManager.CompilerOptimize=6
PA11.Signal=S_TIM1_CH4
PA14.Signal=SYS_JTCK-SWCLK
ProjectManager.HeapSize=0x200
Mcu.Pin15=PB8
NVIC.HardFault_IRQn=true\:0\:0\:false\:false\:true\:false\:false
Mcu.Pin16=PB9
Mcu.Pin13=PA13
SH.S_TIM1_CH3.0=TIM1_CH3,PWM Generation3 CH3
Mcu.Pin14=PA14
Mcu.Pin19=VP_TIM2_VS_ClockSourceINT
SH.S_TIM3_CH1.ConfNb=1
ProjectManager.ComputerToolchain=false
Mcu.Pin17=VP_SYS_VS_Systick
Mcu.Pin18=VP_TIM1_VS_ClockSourceINT
SH.S_TIM3_CH4.ConfNb=1
NVIC.PriorityGroup=NVIC_PRIORITYGROUP_4
Mcu.Pin11=PA11
Mcu.Pin12=PA12
PB8.Mode=CAN_Activate
Mcu.Pin10=PA10
PB8.Signal=CAN_RX
PA9.GPIO_Speed=GPIO_SPEED_FREQ_HIGH
PA3.PinState=GPIO_PIN_RESET
TIM3.ICFilter_CH1=10
TIM1.Channel-PWM\ Generation3\ CH3=TIM_CHANNEL_3
RCC.APB1Freq_Value=36000000
PB0.Signal=S_TIM3_CH3
SH.S_TIM1_CH4.ConfNb=1
ProjectManager.DeviceId=STM32F103C8Tx
ProjectManager.LibraryCopy=2
SH.S_TIM3_CH4.0=TIM3_CH4,Input_Capture4_from_TI4
PA7.Signal=S_TIM3_CH2
isbadioc=false
